
Microsoft Visual Studio Solution File, Format Version 12.00
# Visual Studio Version 17
VisualStudioVersion = 17.14.36301.6 d17.14
MinimumVisualStudioVersion = 10.0.40219.1
Project("{FAE04EC0-301F-11D3-BF4B-00C04F79EFBC}") = "SwitchValues", "SwitchValues\SwitchValues.csproj", "{DDC07ABF-BC5A-47C8-B05C-170604F0D85A}"
EndProject
Global
	GlobalSection(SolutionConfigurationPlatforms) = preSolution
		Debug|Any CPU = Debug|Any CPU
		Release|Any CPU = Release|Any CPU
	EndGlobalSection
	GlobalSection(ProjectConfigurationPlatforms) = postSolution
		{DDC07ABF-BC5A-47C8-B05C-170604F0D85A}.Debug|Any CPU.ActiveCfg = Debug|Any CPU
		{DDC07ABF-BC5A-47C8-B05C-170604F0D85A}.Debug|Any CPU.Build.0 = Debug|Any CPU
		{DDC07ABF-BC5A-47C8-B05C-170604F0D85A}.Release|Any CPU.ActiveCfg = Release|Any CPU
		{DDC07ABF-BC5A-47C8-B05C-170604F0D85A}.Release|Any CPU.Build.0 = Release|Any CPU
	EndGlobalSection
	GlobalSection(SolutionProperties) = preSolution
		HideSolutionNode = FALSE
	EndGlobalSection
	GlobalSection(ExtensibilityGlobals) = postSolution
		SolutionGuid = {FEB01721-1B52-4F3F-8C03-154E2BBFA6DF}
	EndGlobalSection
EndGlobal
